<?xml version="1.0" encoding="utf-8"?>
<Project ToolsVersion="4.0" xmlns="http://schemas.microsoft.com/developer/msbuild/2003">
  <ItemGroup>
    <ClCompile Include="MerlinDisassemble.cpp" />
  </ItemGroup>
  <ItemGroup>
    <ClInclude Include="MerlinDisassemble.hpp" />
  </ItemGroup>
  <ItemGroup>
    <None Include="LICENSE" />
    <None Include="README.md" />
    <None Include="test_data\GcodeBatteryBox.gcode">
      <Filter>test_data</Filter>
    </None>
    <None Include="test_data\GcodeJansPointer.gcode">
      <Filter>test_data</Filter>
    </None>
    <None Include="test_data\GcodeTestLocalPrinter.gcode">
      <Filter>test_data</Filter>
    </None>
    <None Include="test_data\small_leveling.gcode">
      <Filter>test_data</Filter>
    </None>
    <None Include="test_data\start.gcode">
      <Filter>test_data</Filter>
    </None>
    <None Include="test_data\test_rectangle.gcode">
      <Filter>test_data</Filter>
    </None>
    <None Include="makefile" />
  </ItemGroup>
  <ItemGroup>
    <Filter Include="test_data">
      <UniqueIdentifier>{74e90f9d-d6e2-4b65-a2e2-984e61f97690}</UniqueIdentifier>
    </Filter>
  </ItemGroup>
  <ItemGroup>
    <Text Include="test_data\small_leveling.log">
      <Filter>test_data</Filter>
    </Text>
  </ItemGroup>
</Project>